// !$*UTF8*$!
{
	archiveVersion = 1;
	classes = {
	};
	objectVersion = 50;
	objects = {

/* Begin PBXBuildFile section */
		E427B6EA248335AD005B88AC /* UNService.swift in Sources */ = {isa = PBXBuildFile; fileRef = E427B6E7248335AC005B88AC /* UNService.swift */; };
		E427B6EB248335AD005B88AC /* AlertService.swift in Sources */ = {isa = PBXBuildFile; fileRef = E427B6E8248335AC005B88AC /* AlertService.swift */; };
		E427B6EC248335AD005B88AC /* CLService.swift in Sources */ = {isa = PBXBuildFile; fileRef = E427B6E9248335AD005B88AC /* CLService.swift */; };
		E427B6F0248335B9005B88AC /* NotificationActionID.swift in Sources */ = {isa = PBXBuildFile; fileRef = E427B6ED248335B9005B88AC /* NotificationActionID.swift */; };
		E427B6F1248335B9005B88AC /* NotificationAttachmentID.swift in Sources */ = {isa = PBXBuildFile; fileRef = E427B6EE248335B9005B88AC /* NotificationAttachmentID.swift */; };
		E427B6F2248335B9005B88AC /* NotificationCategory.swift in Sources */ = {isa = PBXBuildFile; fileRef = E427B6EF248335B9005B88AC /* NotificationCategory.swift */; };
		E4707CC724832515003A7680 /* AppDelegate.swift in Sources */ = {isa = PBXBuildFile; fileRef = E4707CC624832515003A7680 /* AppDelegate.swift */; };
		E4707CC924832515003A7680 /* SceneDelegate.swift in Sources */ = {isa = PBXBuildFile; fileRef = E4707CC824832515003A7680 /* SceneDelegate.swift */; };
		E4707CCB24832515003A7680 /* ViewController.swift in Sources */ = {isa = PBXBuildFile; fileRef = E4707CCA24832515003A7680 /* ViewController.swift */; };
		E4707CCE24832515003A7680 /* Main.storyboard in Resources */ = {isa = PBXBuildFile; fileRef = E4707CCC24832515003A7680 /* Main.storyboard */; };
		E4707CD024832516003A7680 /* Assets.xcassets in Resources */ = {isa = PBXBuildFile; fileRef = E4707CCF24832516003A7680 /* Assets.xcassets */; };
		E4707CD324832516003A7680 /* LaunchScreen.storyboard in Resources */ = {isa = PBXBuildFile; fileRef = E4707CD124832516003A7680 /* LaunchScreen.storyboard */; };
		E4707CE124832973003A7680 /* ShadowView.swift in Sources */ = {isa = PBXBuildFile; fileRef = E4707CE024832973003A7680 /* ShadowView.swift */; };
/* End PBXBuildFile section */

/* Begin PBXFileReference section */
		E427B6E7248335AC005B88AC /* UNService.swift */ = {isa = PBXFileReference; fileEncoding = 4; lastKnownFileType = sourcecode.swift; path = UNService.swift; sourceTree = "<group>"; };
		E427B6E8248335AC005B88AC /* AlertService.swift */ = {isa = PBXFileReference; fileEncoding = 4; lastKnownFileType = sourcecode.swift; path = AlertService.swift; sourceTree = "<group>"; };
		E427B6E9248335AD005B88AC /* CLService.swift */ = {isa = PBXFileReference; fileEncoding = 4; lastKnownFileType = sourcecode.swift; path = CLService.swift; sourceTree = "<group>"; };
		E427B6ED248335B9005B88AC /* NotificationActionID.swift */ = {isa = PBXFileReference; fileEncoding = 4; lastKnownFileType = sourcecode.swift; path = NotificationActionID.swift; sourceTree = "<group>"; };
		E427B6EE248335B9005B88AC /* NotificationAttachmentID.swift */ = {isa = PBXFileReference; fileEncoding = 4; lastKnownFileType = sourcecode.swift; path = NotificationAttachmentID.swift; sourceTree = "<group>"; };
		E427B6EF248335B9005B88AC /* NotificationCategory.swift */ = {isa = PBXFileReference; fileEncoding = 4; lastKnownFileType = sourcecode.swift; path = NotificationCategory.swift; sourceTree = "<group>"; };
		E4707CC324832515003A7680 /* LocalPushNotifications.app */ = {isa = PBXFileReference; explicitFileType = wrapper.application; includeInIndex = 0; path = LocalPushNotifications.app; sourceTree = BUILT_PRODUCTS_DIR; };
		E4707CC624832515003A7680 /* AppDelegate.swift */ = {isa = PBXFileReference; lastKnownFileType = sourcecode.swift; path = AppDelegate.swift; sourceTree = "<group>"; };
		E4707CC824832515003A7680 /* SceneDelegate.swift */ = {isa = PBXFileReference; lastKnownFileType = sourcecode.swift; path = SceneDelegate.swift; sourceTree = "<group>"; };
		E4707CCA24832515003A7680 /* ViewController.swift */ = {isa = PBXFileReference; lastKnownFileType = sourcecode.swift; path = ViewController.swift; sourceTree = "<group>"; };
		E4707CCD24832515003A7680 /* Base */ = {isa = PBXFileReference; lastKnownFileType = file.storyboard; name = Base; path = Base.lproj/Main.storyboard; sourceTree = "<group>"; };
		E4707CCF24832516003A7680 /* Assets.xcassets */ = {isa = PBXFileReference; lastKnownFileType = folder.assetcatalog; path = Assets.xcassets; sourceTree = "<group>"; };
		E4707CD224832516003A7680 /* Base */ = {isa = PBXFileReference; lastKnownFileType = file.storyboard; name = Base; path = Base.lproj/LaunchScreen.storyboard; sourceTree = "<group>"; };
		E4707CD424832516003A7680 /* Info.plist */ = {isa = PBXFileReference; lastKnownFileType = text.plist.xml; path = Info.plist; sourceTree = "<group>"; };
		E4707CE024832973003A7680 /* ShadowView.swift */ = {isa = PBXFileReference; lastKnownFileType = sourcecode.swift; path = ShadowView.swift; sourceTree = "<group>"; };
/* End PBXFileReference section */

/* Begin PBXFrameworksBuildPhase section */
		E4707CC024832515003A7680 /* Frameworks */ = {
			isa = PBXFrameworksBuildPhase;
			buildActionMask = 2147483647;
			files = (
			);
			runOnlyForDeploymentPostprocessing = 0;
		};
/* End PBXFrameworksBuildPhase section */

/* Begin PBXGroup section */
		E4707CBA24832515003A7680 = {
			isa = PBXGroup;
			children = (
				E4707CC524832515003A7680 /* LocalPushNotifications */,
				E4707CC424832515003A7680 /* Products */,
			);
			sourceTree = "<group>";
		};
		E4707CC424832515003A7680 /* Products */ = {
			isa = PBXGroup;
			children = (
				E4707CC324832515003A7680 /* LocalPushNotifications.app */,
			);
			name = Products;
			sourceTree = "<group>";
		};
		E4707CC524832515003A7680 /* LocalPushNotifications */ = {
			isa = PBXGroup;
			children = (
				E4707CD424832516003A7680 /* Info.plist */,
				E4707CDF24832927003A7680 /* Service */,
				E4707CDE2483291E003A7680 /* Controller */,
				E4707CDD24832917003A7680 /* view */,
				E4707CDC24832910003A7680 /* Model */,
			);
			path = LocalPushNotifications;
			sourceTree = "<group>";
		};
		E4707CDC24832910003A7680 /* Model */ = {
			isa = PBXGroup;
			children = (
				E427B6ED248335B9005B88AC /* NotificationActionID.swift */,
				E427B6EE248335B9005B88AC /* NotificationAttachmentID.swift */,
				E427B6EF248335B9005B88AC /* NotificationCategory.swift */,
			);
			path = Model;
			sourceTree = "<group>";
		};
		E4707CDD24832917003A7680 /* view */ = {
			isa = PBXGroup;
			children = (
				E4707CCF24832516003A7680 /* Assets.xcassets */,
				E4707CD124832516003A7680 /* LaunchScreen.storyboard */,
				E4707CE024832973003A7680 /* ShadowView.swift */,
				E4707CCC24832515003A7680 /* Main.storyboard */,
			);
			path = view;
			sourceTree = "<group>";
		};
		E4707CDE2483291E003A7680 /* Controller */ = {
			isa = PBXGroup;
			children = (
				E4707CC824832515003A7680 /* SceneDelegate.swift */,
				E4707CC624832515003A7680 /* AppDelegate.swift */,
				E4707CCA24832515003A7680 /* ViewController.swift */,
			);
			path = Controller;
			sourceTree = "<group>";
		};
		E4707CDF24832927003A7680 /* Service */ = {
			isa = PBXGroup;
			children = (
				E427B6E8248335AC005B88AC /* AlertService.swift */,
				E427B6E9248335AD005B88AC /* CLService.swift */,
				E427B6E7248335AC005B88AC /* UNService.swift */,
			);
			path = Service;
			sourceTree = "<group>";
		};
/* End PBXGroup section */

/* Begin PBXNativeTarget section */
		E4707CC224832515003A7680 /* LocalPushNotifications */ = {
			isa = PBXNativeTarget;
			buildConfigurationList = E4707CD724832516003A7680 /* Build configuration list for PBXNativeTarget "LocalPushNotifications" */;
			buildPhases = (
				E4707CBF24832515003A7680 /* Sources */,
				E4707CC024832515003A7680 /* Frameworks */,
				E4707CC124832515003A7680 /* Resources */,
			);
			buildRules = (
			);
			dependencies = (
			);
			name = LocalPushNotifications;
			productName = LocalPushNotifications;
			productReference = E4707CC324832515003A7680 /* LocalPushNotifications.app */;
			productType = "com.apple.product-type.application";
		};
/* End PBXNativeTarget section */

/* Begin PBXProject section */
		E4707CBB24832515003A7680 /* Project object */ = {
			isa = PBXProject;
			attributes = {
				LastSwiftUpdateCheck = 1150;
				LastUpgradeCheck = 1150;
				ORGANIZATIONNAME = "Soni Suman";
				TargetAttributes = {
					E4707CC224832515003A7680 = {
						CreatedOnToolsVersion = 11.5;
					};
				};
			};
			buildConfigurationList = E4707CBE24832515003A7680 /* Build configuration list for PBXProject "LocalPushNotifications" */;
			compatibilityVersion = "Xcode 9.3";
			developmentRegion = en;
			hasScannedForEncodings = 0;
			knownRegions = (
				en,
				Base,
			);
			mainGroup = E4707CBA24832515003A7680;
			productRefGroup = E4707CC424832515003A7680 /* Products */;
			projectDirPath = "";
			projectRoot = "";
			targets = (
				E4707CC224832515003A7680 /* LocalPushNotifications */,
			);
		};
/* End PBXProject section */

/* Begin PBXResourcesBuildPhase section */
		E4707CC124832515003A7680 /* Resources */ = {
			isa = PBXResourcesBuildPhase;
			buildActionMask = 2147483647;
			files = (
				E4707CD324832516003A7680 /* LaunchScreen.storyboard in Resources */,
				E4707CD024832516003A7680 /* Assets.xcassets in Resources */,
				E4707CCE24832515003A7680 /* Main.storyboard in Resources */,
			);
			runOnlyForDeploymentPostprocessing = 0;
		};
/* End PBXResourcesBuildPhase section */

/* Begin PBXSourcesBuildPhase section */
		E4707CBF24832515003A7680 /* Sources */ = {
			isa = PBXSourcesBuildPhase;
			buildActionMask = 2147483647;
			files = (
				E427B6F2248335B9005B88AC /* NotificationCategory.swift in Sources */,
				E427B6F1248335B9005B88AC /* NotificationAttachmentID.swift in Sources */,
				E4707CE124832973003A7680 /* ShadowView.swift in Sources */,
				E4707CCB24832515003A7680 /* ViewController.swift in Sources */,
				E4707CC724832515003A7680 /* AppDelegate.swift in Sources */,
				E427B6EC248335AD005B88AC /* CLService.swift in Sources */,
				E4707CC924832515003A7680 /* SceneDelegate.swift in Sources */,
				E427B6EB248335AD005B88AC /* AlertService.swift in Sources */,
				E427B6EA248335AD005B88AC /* UNService.swift in Sources */,
				E427B6F0248335B9005B88AC /* NotificationActionID.swift in Sources */,
			);
			runOnlyForDeploymentPostprocessing = 0;
		};
/* End PBXSourcesBuildPhase section */

/* Begin PBXVariantGroup section */
		E4707CCC24832515003A7680 /* Main.storyboard */ = {
			isa = PBXVariantGroup;
			children = (
				E4707CCD24832515003A7680 /* Base */,
			);
			name = Main.storyboard;
			sourceTree = "<group>";
		};
		E4707CD124832516003A7680 /* LaunchScreen.storyboard */ = {
			isa = PBXVariantGroup;
			children = (
				E4707CD224832516003A7680 /* Base */,
			);
			name = LaunchScreen.storyboard;
			sourceTree = "<group>";
		};
/* End PBXVariantGroup section */

/* Begin XCBuildConfiguration section */
		E4707CD524832516003A7680 /* Debug */ = {
			isa = XCBuildConfiguration;
			buildSettings = {
				ALWAYS_SEARCH_USER_PATHS = NO;
				CLANG_ANALYZER_NONNULL = YES;
				CLANG_ANALYZER_NUMBER_OBJECT_CONVERSION = YES_AGGRESSIVE;
				CLANG_CXX_LANGUAGE_STANDARD = "gnu++14";
				CLANG_CXX_LIBRARY = "libc++";
				CLANG_ENABLE_MODULES = YES;
				CLANG_ENABLE_OBJC_ARC = YES;
				CLANG_ENABLE_OBJC_WEAK = YES;
				CLANG_WARN_BLOCK_CAPTURE_AUTORELEASING = YES;
				CLANG_WARN_BOOL_CONVERSION = YES;
				CLANG_WARN_COMMA = YES;
				CLANG_WARN_CONSTANT_CONVERSION = YES;
				CLANG_WARN_DEPRECATED_OBJC_IMPLEMENTATIONS = YES;
				CLANG_WARN_DIRECT_OBJC_ISA_USAGE = YES_ERROR;
				CLANG_WARN_DOCUMENTATION_COMMENTS = YES;
				CLANG_WARN_EMPTY_BODY = YES;
				CLANG_WARN_ENUM_CONVERSION = YES;
				CLANG_WARN_INFINITE_RECURSION = YES;
				CLANG_WARN_INT_CONVERSION = YES;
				CLANG_WARN_NON_LITERAL_NULL_CONVERSION = YES;
				CLANG_WARN_OBJC_IMPLICIT_RETAIN_SELF = YES;
				CLANG_WARN_OBJC_LITERAL_CONVERSION = YES;
				CLANG_WARN_OBJC_ROOT_CLASS = YES_ERROR;
				CLANG_WARN_RANGE_LOOP_ANALYSIS = YES;
				CLANG_WARN_STRICT_PROTOTYPES = YES;
				CLANG_WARN_SUSPICIOUS_MOVE = YES;
				CLANG_WARN_UNGUARDED_AVAILABILITY = YES_AGGRESSIVE;
				CLANG_WARN_UNREACHABLE_CODE = YES;
				CLANG_WARN__DUPLICATE_METHOD_MATCH = YES;
				COPY_PHASE_STRIP = NO;
				DEBUG_INFORMATION_FORMAT = dwarf;
				ENABLE_STRICT_OBJC_MSGSEND = YES;
				ENABLE_TESTABILITY = YES;
				GCC_C_LANGUAGE_STANDARD = gnu11;
				GCC_DYNAMIC_NO_PIC = NO;
				GCC_NO_COMMON_BLOCKS = YES;
				GCC_OPTIMIZATION_LEVEL = 0;
				GCC_PREPROCESSOR_DEFINITIONS = (
					"DEBUG=1",
					"$(inherited)",
				);
				GCC_WARN_64_TO_32_BIT_CONVERSION = YES;
				GCC_WARN_ABOUT_RETURN_TYPE = YES_ERROR;
				GCC_WARN_UNDECLARED_SELECTOR = YES;
				GCC_WARN_UNINITIALIZED_AUTOS = YES_AGGRESSIVE;
				GCC_WARN_UNUSED_FUNCTION = YES;
				GCC_WARN_UNUSED_VARIABLE = YES;
				IPHONEOS_DEPLOYMENT_TARGET = 13.5;
				MTL_ENABLE_DEBUG_INFO = INCLUDE_SOURCE;
				MTL_FAST_MATH = YES;
				ONLY_ACTIVE_ARCH = YES;
				SDKROOT = iphoneos;
				SWIFT_ACTIVE_COMPILATION_CONDITIONS = DEBUG;
				SWIFT_OPTIMIZATION_LEVEL = "-Onone";
			};
			name = Debug;
		};
		E4707CD624832516003A7680 /* Release */ = {
			isa = XCBuildConfiguration;
			buildSettings = {
				ALWAYS_SEARCH_USER_PATHS = NO;
				CLANG_ANALYZER_NONNULL = YES;
				CLANG_ANALYZER_NUMBER_OBJECT_CONVERSION = YES_AGGRESSIVE;
				CLANG_CXX_LANGUAGE_STANDARD = "gnu++14";
				CLANG_CXX_LIBRARY = "libc++";
				CLANG_ENABLE_MODULES = YES;
				CLANG_ENABLE_OBJC_ARC = YES;
				CLANG_ENABLE_OBJC_WEAK = YES;
				CLANG_WARN_BLOCK_CAPTURE_AUTORELEASING = YES;
				CLANG_WARN_BOOL_CONVERSION = YES;
				CLANG_WARN_COMMA = YES;
				CLANG_WARN_CONSTANT_CONVERSION = YES;
				CLANG_WARN_DEPRECATED_OBJC_IMPLEMENTATIONS = YES;
				CLANG_WARN_DIRECT_OBJC_ISA_USAGE = YES_ERROR;
				CLANG_WARN_DOCUMENTATION_COMMENTS = YES;
				CLANG_WARN_EMPTY_BODY = YES;
				CLANG_WARN_ENUM_CONVERSION = YES;
				CLANG_WARN_INFINITE_RECURSION = YES;
				CLANG_WARN_INT_CONVERSION = YES;
				CLANG_WARN_NON_LITERAL_NULL_CONVERSION = YES;
				CLANG_WARN_OBJC_IMPLICIT_RETAIN_SELF = YES;
				CLANG_WARN_OBJC_LITERAL_CONVERSION = YES;
				CLANG_WARN_OBJC_ROOT_CLASS = YES_ERROR;
				CLANG_WARN_RANGE_LOOP_ANALYSIS = YES;
				CLANG_WARN_STRICT_PROTOTYPES = YES;
				CLANG_WARN_SUSPICIOUS_MOVE = YES;
				CLANG_WARN_UNGUARDED_AVAILABILITY = YES_AGGRESSIVE;
				CLANG_WARN_UNREACHABLE_CODE = YES;
				CLANG_WARN__DUPLICATE_METHOD_MATCH = YES;
				COPY_PHASE_STRIP = NO;
				DEBUG_INFORMATION_FORMAT = "dwarf-with-dsym";
				ENABLE_NS_ASSERTIONS = NO;
				ENABLE_STRICT_OBJC_MSGSEND = YES;
				GCC_C_LANGUAGE_STANDARD = gnu11;
				GCC_NO_COMMON_BLOCKS = YES;
				GCC_WARN_64_TO_32_BIT_CONVERSION = YES;
				GCC_WARN_ABOUT_RETURN_TYPE = YES_ERROR;
				GCC_WARN_UNDECLARED_SELECTOR = YES;
				GCC_WARN_UNINITIALIZED_AUTOS = YES_AGGRESSIVE;
				GCC_WARN_UNUSED_FUNCTION = YES;
				GCC_WARN_UNUSED_VARIABLE = YES;
				IPHONEOS_DEPLOYMENT_TARGET = 13.5;
				MTL_ENABLE_DEBUG_INFO = NO;
				MTL_FAST_MATH = YES;
				SDKROOT = iphoneos;
				SWIFT_COMPILATION_MODE = wholemodule;
				SWIFT_OPTIMIZATION_LEVEL = "-O";
				VALIDATE_PRODUCT = YES;
			};
			name = Release;
		};
		E4707CD824832516003A7680 /* Debug */ = {
			isa = XCBuildConfiguration;
			buildSettings = {
				ASSETCATALOG_COMPILER_APPICON_NAME = AppIcon;
				CODE_SIGN_STYLE = Automatic;
				INFOPLIST_FILE = LocalPushNotifications/Info.plist;
				IPHONEOS_DEPLOYMENT_TARGET = 11.0;
				LD_RUNPATH_SEARCH_PATHS = (
					"$(inherited)",
					"@executable_path/Frameworks",
				);
				PRODUCT_BUNDLE_IDENTIFIER = com.sonisuman.LocalPushNotifications;
				PRODUCT_NAME = "$(TARGET_NAME)";
				SWIFT_VERSION = 5.0;
				TARGETED_DEVICE_FAMILY = "1,2";
			};
			name = Debug;
		};
		E4707CD924832516003A7680 /* Release */ = {
			isa = XCBuildConfiguration;
			buildSettings = {
				ASSETCATALOG_COMPILER_APPICON_NAME = AppIcon;
				CODE_SIGN_STYLE = Automatic;
				INFOPLIST_FILE = LocalPushNotifications/Info.plist;
				IPHONEOS_DEPLOYMENT_TARGET = 11.0;
				LD_RUNPATH_SEARCH_PATHS = (
					"$(inherited)",
					"@executable_path/Frameworks",
				);
				PRODUCT_BUNDLE_IDENTIFIER = com.sonisuman.LocalPushNotifications;
				PRODUCT_NAME = "$(TARGET_NAME)";
				SWIFT_VERSION = 5.0;
				TARGETED_DEVICE_FAMILY = "1,2";
			};
			name = Release;
		};
/* End XCBuildConfiguration section */

/* Begin XCConfigurationList section */
		E4707CBE24832515003A7680 /* Build configuration list for PBXProject "LocalPushNotifications" */ = {
			isa = XCConfigurationList;
			buildConfigurations = (
				E4707CD524832516003A7680 /* Debug */,
				E4707CD624832516003A7680 /* Release */,
			);
			defaultConfigurationIsVisible = 0;
			defaultConfigurationName = Release;
		};
		E4707CD724832516003A7680 /* Build configuration list for PBXNativeTarget "LocalPushNotifications" */ = {
			isa = XCConfigurationList;
			buildConfigurations = (
				E4707CD824832516003A7680 /* Debug */,
				E4707CD924832516003A7680 /* Release */,
			);
			defaultConfigurationIsVisible = 0;
			defaultConfigurationName = Release;
		};
/* End XCConfigurationList section */
	};
	rootObject = E4707CBB24832515003A7680 /* Project object */;
}
